
Microsoft Visual Studio Solution File, Format Version 12.00
# Visual Studio Version 17
VisualStudioVersion = 17.5.33516.290
MinimumVisualStudioVersion = 10.0.40219.1
Project("{2150E333-8FDC-42A3-9474-1A3956D46DE8}") = "src", "src", "{39130304-DD6B-4308-8271-731A85ECD51F}"
EndProject
Project("{FAE04EC0-301F-11D3-BF4B-00C04F79EFBC}") = "Domain", "src\Domain\Domain.csproj", "{662CB6A7-AE46-4DFF-B735-52934395BF4F}"
EndProject
Global
	GlobalSection(SolutionConfigurationPlatforms) = preSolution
		Debug|Any CPU = Debug|Any CPU
		Release|Any CPU = Release|Any CPU
	EndGlobalSection
	GlobalSection(ProjectConfigurationPlatforms) = postSolution
		{662CB6A7-AE46-4DFF-B735-52934395BF4F}.Debug|Any CPU.ActiveCfg = Debug|Any CPU
		{662CB6A7-AE46-4DFF-B735-52934395BF4F}.Debug|Any CPU.Build.0 = Debug|Any CPU
		{662CB6A7-AE46-4DFF-B735-52934395BF4F}.Release|Any CPU.ActiveCfg = Release|Any CPU
		{662CB6A7-AE46-4DFF-B735-52934395BF4F}.Release|Any CPU.Build.0 = Release|Any CPU
	EndGlobalSection
	GlobalSection(SolutionProperties) = preSolution
		HideSolutionNode = FALSE
	EndGlobalSection
	GlobalSection(NestedProjects) = preSolution
		{662CB6A7-AE46-4DFF-B735-52934395BF4F} = {39130304-DD6B-4308-8271-731A85ECD51F}
	EndGlobalSection
	GlobalSection(ExtensibilityGlobals) = postSolution
		SolutionGuid = {30BFBF6B-1C2C-4DAA-A6FE-D03FFF58B5A5}
	EndGlobalSection
EndGlobal
